{
  "version": 4,
  "terraform_version": "1.3.0",
  "serial": 2,
  "lineage": "89a3f10e-c643-1d16-439a-fc78da02466f",
  "outputs": {},
  "resources": [
    {
      "mode": "data",
      "type": "digitalocean_ssh_key",
      "name": "dell",
      "provider": "provider[\"registry.terraform.io/digitalocean/digitalocean\"]",
      "instances": [
        {
          "schema_version": 0,
          "attributes": {
            "fingerprint": "87:8c:05:04:65:02:78:36:f3:b7:bc:26:91:75:84:f1",
            "id": 36273856,
            "name": "dell",
            "public_key": "ssh-rsa AAAAB3NzaC1yc2EAAAADAQABAAACAQDLpW6oqon0eXPs/cc53OZZGmoDcYf/OqzzMnWz7G/iGqB+hYwzYRO0rOjWrcnyTFwcLSUp8J2ngHdf+Mm6q7LpfiCCkodqj8YVJGY4Hwjq6vTeIssJdLwqpqWjA4lQF2DhhAWMUfd+g+nyib7rVse+mimSoIglRz8TTk2zz2R8p9d7PkkCcPiZR0OBVmOFtReD+ZDmWHiQegVJEvHlqM2/6fF8LOzXsGiFyPR3WleNRSGXh1VPWYeKpEU5FVRxtojzvJkreizEggdTulxSRIgqWA5qEX3X5yiXPsrJJWeo25/Z7yrOhxJHxe2wefCDD5T1PzfG7MXRUfoHCLHxtucBxFi3h5LduFrc+3lazXVkPVbTdeae3Q4p5CyML6NHpLGijuTox40uqKhfOlZfisANQyqhuAhB9TeK4++AXzxer5y8Rh7N6p13QcFK/l+nrfkVnLWbaVYlKy5PECV6ihpESBDFjtfzbfmlB40Nz+Preg/zdNcGnV05AWYCNUunbBnB3fW/Fe6c6sXDJ4HYBIffPdqRfOG13jYOIXaWLh0iRuWLnQqGWxd9efH66S2zqOD2uARfVBEelxSnFXaYCEMVVlWxqRizd8CKwqxOdbAKOr40JNTQER+SQ8oDFpQYOJj6HS6BRF2J3lUDVJBa3PVqPkTfCNzrEvMBTlQsR8oy8Q== sonalysis\n"
          },
          "sensitive_attributes": []
        }
      ]
    },
    {
      "mode": "managed",
      "type": "digitalocean_droplet",
      "name": "mosquitto",
      "provider": "provider[\"registry.terraform.io/digitalocean/digitalocean\"]",
      "instances": [
        {
          "schema_version": 1,
          "attributes": {
            "backups": false,
            "created_at": "2022-09-25T19:42:24Z",
            "disk": 25,
            "droplet_agent": null,
            "graceful_shutdown": false,
            "id": "318243714",
            "image": "ubuntu-20-04-x64",
            "ipv4_address": "104.248.2.138",
            "ipv4_address_private": "10.108.0.3",
            "ipv6": false,
            "ipv6_address": "",
            "locked": false,
            "memory": 1024,
            "monitoring": false,
            "name": "mosquitto",
            "price_hourly": 0.00893,
            "price_monthly": 6,
            "private_networking": true,
            "region": "nyc3",
            "resize_disk": true,
            "size": "s-1vcpu-1gb",
            "ssh_keys": [
              "36273856"
            ],
            "status": "active",
            "tags": null,
            "timeouts": null,
            "urn": "do:droplet:318243714",
            "user_data": null,
            "vcpus": 1,
            "volume_ids": [],
            "vpc_uuid": "58899b28-b699-4739-8525-958c513638d7"
          },
          "sensitive_attributes": [],
          "private": "eyJlMmJmYjczMC1lY2FhLTExZTYtOGY4OC0zNDM2M2JjN2M0YzAiOnsiY3JlYXRlIjozNjAwMDAwMDAwMDAwLCJkZWxldGUiOjYwMDAwMDAwMDAwLCJ1cGRhdGUiOjM2MDAwMDAwMDAwMDB9LCJzY2hlbWFfdmVyc2lvbiI6IjEifQ==",
          "dependencies": [
            "data.digitalocean_ssh_key.dell"
          ]
        }
      ]
    }
  ],
  "check_results": []
}
